PODS:
  - CardIO (5.0.6)
  - Stripe (4.0.3):
    - Stripe/Checkout (= 4.0.3)
    - Stripe/Core (= 4.0.3)
  - Stripe/Checkout (4.0.3):
    - Stripe/Core
  - Stripe/Core (4.0.3)

DEPENDENCIES:
  - CardIO (~> 5.0)
  - Stripe (~> 4.0)

SPEC CHECKSUMS:
  CardIO: 3fb62d56651d80e8f98e9572bfbe589ebf13d706
  Stripe: 43a4307dc789483a61668d187c4a917d1348b0b6

COCOAPODS: 0.35.0
