// !$*UTF8*$!
{
	archiveVersion = 1;
	classes = {
	};
	objectVersion = 46;
	objects = {

/* Begin PBXBuildFile section */
		C30A01C21B10323000BECD23 /* main.m in Sources */ = {isa = PBXBuildFile; fileRef = C30A01C11B10323000BECD23 /* main.m */; };
		C30A01C51B10323000BECD23 /* AppDelegate.m in Sources */ = {isa = PBXBuildFile; fileRef = C30A01C41B10323000BECD23 /* AppDelegate.m */; };
		C30A01CB1B10323000BECD23 /* Main.storyboard in Resources */ = {isa = PBXBuildFile; fileRef = C30A01C91B10323000BECD23 /* Main.storyboard */; };
		C30A01CD1B10323000BECD23 /* Images.xcassets in Resources */ = {isa = PBXBuildFile; fileRef = C30A01CC1B10323000BECD23 /* Images.xcassets */; };
		C30A01DC1B10323000BECD23 /* Stripe_Test_AppTests.m in Sources */ = {isa = PBXBuildFile; fileRef = C30A01DB1B10323000BECD23 /* Stripe_Test_AppTests.m */; };
		C30A01E81B1033B500BECD23 /* LaunchController.m in Sources */ = {isa = PBXBuildFile; fileRef = C30A01E61B1033B500BECD23 /* LaunchController.m */; };
		C30A01E91B1033B500BECD23 /* LaunchController.xib in Resources */ = {isa = PBXBuildFile; fileRef = C30A01E71B1033B500BECD23 /* LaunchController.xib */; };
		C30A01F31B103B5B00BECD23 /* CardScanController.m in Sources */ = {isa = PBXBuildFile; fileRef = C30A01F11B103B5B00BECD23 /* CardScanController.m */; };
		C30A01F41B103B5B00BECD23 /* CardScanController.xib in Resources */ = {isa = PBXBuildFile; fileRef = C30A01F21B103B5B00BECD23 /* CardScanController.xib */; };
		D2DD6A9B3525AC28EA88F76B /* libPods-Stripe Test App.a in Frameworks */ = {isa = PBXBuildFile; fileRef = DA156275B07F693EB0F52BA9 /* libPods-Stripe Test App.a */; };
/* End PBXBuildFile section */

/* Begin PBXContainerItemProxy section */
		C30A01D61B10323000BECD23 /* PBXContainerItemProxy */ = {
			isa = PBXContainerItemProxy;
			containerPortal = C30A01B41B10323000BECD23 /* Project object */;
			proxyType = 1;
			remoteGlobalIDString = C30A01BB1B10323000BECD23;
			remoteInfo = "Stripe Test App";
		};
/* End PBXContainerItemProxy section */

/* Begin PBXFileReference section */
		602115A792010B6EFB0B0B86 /* Pods-Stripe Test App.debug.xcconfig */ = {isa = PBXFileReference; includeInIndex = 1; lastKnownFileType = text.xcconfig; name = "Pods-Stripe Test App.debug.xcconfig"; path = "Pods/Target Support Files/Pods-Stripe Test App/Pods-Stripe Test App.debug.xcconfig"; sourceTree = "<group>"; };
		C30A01BC1B10323000BECD23 /* Stripe Test App.app */ = {isa = PBXFileReference; explicitFileType = wrapper.application; includeInIndex = 0; path = "Stripe Test App.app"; sourceTree = BUILT_PRODUCTS_DIR; };
		C30A01C01B10323000BECD23 /* Info.plist */ = {isa = PBXFileReference; lastKnownFileType = text.plist.xml; path = Info.plist; sourceTree = "<group>"; };
		C30A01C11B10323000BECD23 /* main.m */ = {isa = PBXFileReference; lastKnownFileType = sourcecode.c.objc; path = main.m; sourceTree = "<group>"; };
		C30A01C31B10323000BECD23 /* AppDelegate.h */ = {isa = PBXFileReference; lastKnownFileType = sourcecode.c.h; path = AppDelegate.h; sourceTree = "<group>"; };
		C30A01C41B10323000BECD23 /* AppDelegate.m */ = {isa = PBXFileReference; lastKnownFileType = sourcecode.c.objc; path = AppDelegate.m; sourceTree = "<group>"; };
		C30A01CA1B10323000BECD23 /* Base */ = {isa = PBXFileReference; lastKnownFileType = file.storyboard; name = Base; path = Base.lproj/Main.storyboard; sourceTree = "<group>"; };
		C30A01CC1B10323000BECD23 /* Images.xcassets */ = {isa = PBXFileReference; lastKnownFileType = folder.assetcatalog; path = Images.xcassets; sourceTree = "<group>"; };
		C30A01D51B10323000BECD23 /* Stripe Test AppTests.xctest */ = {isa = PBXFileReference; explicitFileType = wrapper.cfbundle; includeInIndex = 0; path = "Stripe Test AppTests.xctest"; sourceTree = BUILT_PRODUCTS_DIR; };
		C30A01DA1B10323000BECD23 /* Info.plist */ = {isa = PBXFileReference; lastKnownFileType = text.plist.xml; path = Info.plist; sourceTree = "<group>"; };
		C30A01DB1B10323000BECD23 /* Stripe_Test_AppTests.m */ = {isa = PBXFileReference; lastKnownFileType = sourcecode.c.objc; path = Stripe_Test_AppTests.m; sourceTree = "<group>"; };
		C30A01E51B1033B500BECD23 /* LaunchController.h */ = {isa = PBXFileReference; fileEncoding = 4; lastKnownFileType = sourcecode.c.h; path = LaunchController.h; sourceTree = "<group>"; };
		C30A01E61B1033B500BECD23 /* LaunchController.m */ = {isa = PBXFileReference; fileEncoding = 4; lastKnownFileType = sourcecode.c.objc; path = LaunchController.m; sourceTree = "<group>"; };
		C30A01E71B1033B500BECD23 /* LaunchController.xib */ = {isa = PBXFileReference; fileEncoding = 4; lastKnownFileType = file.xib; path = LaunchController.xib; sourceTree = "<group>"; };
		C30A01F01B103B5B00BECD23 /* CardScanController.h */ = {isa = PBXFileReference; fileEncoding = 4; lastKnownFileType = sourcecode.c.h; name = CardScanController.h; path = ../CardScanController.h; sourceTree = "<group>"; };
		C30A01F11B103B5B00BECD23 /* CardScanController.m */ = {isa = PBXFileReference; fileEncoding = 4; lastKnownFileType = sourcecode.c.objc; name = CardScanController.m; path = ../CardScanController.m; sourceTree = "<group>"; };
		C30A01F21B103B5B00BECD23 /* CardScanController.xib */ = {isa = PBXFileReference; fileEncoding = 4; lastKnownFileType = file.xib; name = CardScanController.xib; path = ../CardScanController.xib; sourceTree = "<group>"; };
		DA156275B07F693EB0F52BA9 /* libPods-Stripe Test App.a */ = {isa = PBXFileReference; explicitFileType = archive.ar; includeInIndex = 0; path = "libPods-Stripe Test App.a"; sourceTree = BUILT_PRODUCTS_DIR; };
		EBB7B65FA9F024F411B6A516 /* Pods-Stripe Test App.release.xcconfig */ = {isa = PBXFileReference; includeInIndex = 1; lastKnownFileType = text.xcconfig; name = "Pods-Stripe Test App.release.xcconfig"; path = "Pods/Target Support Files/Pods-Stripe Test App/Pods-Stripe Test App.release.xcconfig"; sourceTree = "<group>"; };
/* End PBXFileReference section */

/* Begin PBXFrameworksBuildPhase section */
		C30A01B91B10323000BECD23 /* Frameworks */ = {
			isa = PBXFrameworksBuildPhase;
			buildActionMask = 2147483647;
			files = (
				D2DD6A9B3525AC28EA88F76B /* libPods-Stripe Test App.a in Frameworks */,
			);
			runOnlyForDeploymentPostprocessing = 0;
		};
		C30A01D21B10323000BECD23 /* Frameworks */ = {
			isa = PBXFrameworksBuildPhase;
			buildActionMask = 2147483647;
			files = (
			);
			runOnlyForDeploymentPostprocessing = 0;
		};
/* End PBXFrameworksBuildPhase section */

/* Begin PBXGroup section */
		610E7D48FB13FBB63209436B /* Pods */ = {
			isa = PBXGroup;
			children = (
				602115A792010B6EFB0B0B86 /* Pods-Stripe Test App.debug.xcconfig */,
				EBB7B65FA9F024F411B6A516 /* Pods-Stripe Test App.release.xcconfig */,
			);
			name = Pods;
			sourceTree = "<group>";
		};
		9428176590744437658FEF27 /* Frameworks */ = {
			isa = PBXGroup;
			children = (
				DA156275B07F693EB0F52BA9 /* libPods-Stripe Test App.a */,
			);
			name = Frameworks;
			sourceTree = "<group>";
		};
		C30A01B31B10323000BECD23 = {
			isa = PBXGroup;
			children = (
				C30A01BE1B10323000BECD23 /* Stripe Test App */,
				C30A01D81B10323000BECD23 /* Stripe Test AppTests */,
				C30A01BD1B10323000BECD23 /* Products */,
				610E7D48FB13FBB63209436B /* Pods */,
				9428176590744437658FEF27 /* Frameworks */,
			);
			sourceTree = "<group>";
		};
		C30A01BD1B10323000BECD23 /* Products */ = {
			isa = PBXGroup;
			children = (
				C30A01BC1B10323000BECD23 /* Stripe Test App.app */,
				C30A01D51B10323000BECD23 /* Stripe Test AppTests.xctest */,
			);
			name = Products;
			sourceTree = "<group>";
		};
		C30A01BE1B10323000BECD23 /* Stripe Test App */ = {
			isa = PBXGroup;
			children = (
				C30A01C31B10323000BECD23 /* AppDelegate.h */,
				C30A01C41B10323000BECD23 /* AppDelegate.m */,
				C30A01C91B10323000BECD23 /* Main.storyboard */,
				C30A01CC1B10323000BECD23 /* Images.xcassets */,
				C30A01BF1B10323000BECD23 /* Supporting Files */,
				C30A01E51B1033B500BECD23 /* LaunchController.h */,
				C30A01E61B1033B500BECD23 /* LaunchController.m */,
				C30A01E71B1033B500BECD23 /* LaunchController.xib */,
				C30A01F01B103B5B00BECD23 /* CardScanController.h */,
				C30A01F11B103B5B00BECD23 /* CardScanController.m */,
				C30A01F21B103B5B00BECD23 /* CardScanController.xib */,
			);
			path = "Stripe Test App";
			sourceTree = "<group>";
		};
		C30A01BF1B10323000BECD23 /* Supporting Files */ = {
			isa = PBXGroup;
			children = (
				C30A01C01B10323000BECD23 /* Info.plist */,
				C30A01C11B10323000BECD23 /* main.m */,
			);
			name = "Supporting Files";
			sourceTree = "<group>";
		};
		C30A01D81B10323000BECD23 /* Stripe Test AppTests */ = {
			isa = PBXGroup;
			children = (
				C30A01DB1B10323000BECD23 /* Stripe_Test_AppTests.m */,
				C30A01D91B10323000BECD23 /* Supporting Files */,
			);
			path = "Stripe Test AppTests";
			sourceTree = "<group>";
		};
		C30A01D91B10323000BECD23 /* Supporting Files */ = {
			isa = PBXGroup;
			children = (
				C30A01DA1B10323000BECD23 /* Info.plist */,
			);
			name = "Supporting Files";
			sourceTree = "<group>";
		};
/* End PBXGroup section */

/* Begin PBXNativeTarget section */
		C30A01BB1B10323000BECD23 /* Stripe Test App */ = {
			isa = PBXNativeTarget;
			buildConfigurationList = C30A01DF1B10323000BECD23 /* Build configuration list for PBXNativeTarget "Stripe Test App" */;
			buildPhases = (
				1C9D1A08D89400E90C8E2D56 /* Check Pods Manifest.lock */,
				C30A01B81B10323000BECD23 /* Sources */,
				C30A01B91B10323000BECD23 /* Frameworks */,
				C30A01BA1B10323000BECD23 /* Resources */,
				17390E23423429EE254751FC /* Copy Pods Resources */,
			);
			buildRules = (
			);
			dependencies = (
			);
			name = "Stripe Test App";
			productName = "Stripe Test App";
			productReference = C30A01BC1B10323000BECD23 /* Stripe Test App.app */;
			productType = "com.apple.product-type.application";
		};
		C30A01D41B10323000BECD23 /* Stripe Test AppTests */ = {
			isa = PBXNativeTarget;
			buildConfigurationList = C30A01E21B10323000BECD23 /* Build configuration list for PBXNativeTarget "Stripe Test AppTests" */;
			buildPhases = (
				C30A01D11B10323000BECD23 /* Sources */,
				C30A01D21B10323000BECD23 /* Frameworks */,
				C30A01D31B10323000BECD23 /* Resources */,
			);
			buildRules = (
			);
			dependencies = (
				C30A01D71B10323000BECD23 /* PBXTargetDependency */,
			);
			name = "Stripe Test AppTests";
			productName = "Stripe Test AppTests";
			productReference = C30A01D51B10323000BECD23 /* Stripe Test AppTests.xctest */;
			productType = "com.apple.product-type.bundle.unit-test";
		};
/* End PBXNativeTarget section */

/* Begin PBXProject section */
		C30A01B41B10323000BECD23 /* Project object */ = {
			isa = PBXProject;
			attributes = {
				LastUpgradeCheck = 0630;
				ORGANIZATIONNAME = "Mitchell Porter";
				TargetAttributes = {
					C30A01BB1B10323000BECD23 = {
						CreatedOnToolsVersion = 6.3.2;
					};
					C30A01D41B10323000BECD23 = {
						CreatedOnToolsVersion = 6.3.2;
						TestTargetID = C30A01BB1B10323000BECD23;
					};
				};
			};
			buildConfigurationList = C30A01B71B10323000BECD23 /* Build configuration list for PBXProject "Stripe Test App" */;
			compatibilityVersion = "Xcode 3.2";
			developmentRegion = English;
			hasScannedForEncodings = 0;
			knownRegions = (
				en,
				Base,
			);
			mainGroup = C30A01B31B10323000BECD23;
			productRefGroup = C30A01BD1B10323000BECD23 /* Products */;
			projectDirPath = "";
			projectRoot = "";
			targets = (
				C30A01BB1B10323000BECD23 /* Stripe Test App */,
				C30A01D41B10323000BECD23 /* Stripe Test AppTests */,
			);
		};
/* End PBXProject section */

/* Begin PBXResourcesBuildPhase section */
		C30A01BA1B10323000BECD23 /* Resources */ = {
			isa = PBXResourcesBuildPhase;
			buildActionMask = 2147483647;
			files = (
				C30A01CB1B10323000BECD23 /* Main.storyboard in Resources */,
				C30A01E91B1033B500BECD23 /* LaunchController.xib in Resources */,
				C30A01F41B103B5B00BECD23 /* CardScanController.xib in Resources */,
				C30A01CD1B10323000BECD23 /* Images.xcassets in Resources */,
			);
			runOnlyForDeploymentPostprocessing = 0;
		};
		C30A01D31B10323000BECD23 /* Resources */ = {
			isa = PBXResourcesBuildPhase;
			buildActionMask = 2147483647;
			files = (
			);
			runOnlyForDeploymentPostprocessing = 0;
		};
/* End PBXResourcesBuildPhase section */

/* Begin PBXShellScriptBuildPhase section */
		17390E23423429EE254751FC /* Copy Pods Resources */ = {
			isa = PBXShellScriptBuildPhase;
			buildActionMask = 2147483647;
			files = (
			);
			inputPaths = (
			);
			name = "Copy Pods Resources";
			outputPaths = (
			);
			runOnlyForDeploymentPostprocessing = 0;
			shellPath = /bin/sh;
			shellScript = "\"${SRCROOT}/Pods/Target Support Files/Pods-Stripe Test App/Pods-Stripe Test App-resources.sh\"\n";
			showEnvVarsInLog = 0;
		};
		1C9D1A08D89400E90C8E2D56 /* Check Pods Manifest.lock */ = {
			isa = PBXShellScriptBuildPhase;
			buildActionMask = 2147483647;
			files = (
			);
			inputPaths = (
			);
			name = "Check Pods Manifest.lock";
			outputPaths = (
			);
			runOnlyForDeploymentPostprocessing = 0;
			shellPath = /bin/sh;
			shellScript = "diff \"${PODS_ROOT}/../Podfile.lock\" \"${PODS_ROOT}/Manifest.lock\" > /dev/null\nif [[ $? != 0 ]] ; then\n    cat << EOM\nerror: The sandbox is not in sync with the Podfile.lock. Run 'pod install' or update your CocoaPods installation.\nEOM\n    exit 1\nfi\n";
			showEnvVarsInLog = 0;
		};
/* End PBXShellScriptBuildPhase section */

/* Begin PBXSourcesBuildPhase section */
		C30A01B81B10323000BECD23 /* Sources */ = {
			isa = PBXSourcesBuildPhase;
			buildActionMask = 2147483647;
			files = (
				C30A01E81B1033B500BECD23 /* LaunchController.m in Sources */,
				C30A01C51B10323000BECD23 /* AppDelegate.m in Sources */,
				C30A01F31B103B5B00BECD23 /* CardScanController.m in Sources */,
				C30A01C21B10323000BECD23 /* main.m in Sources */,
			);
			runOnlyForDeploymentPostprocessing = 0;
		};
		C30A01D11B10323000BECD23 /* Sources */ = {
			isa = PBXSourcesBuildPhase;
			buildActionMask = 2147483647;
			files = (
				C30A01DC1B10323000BECD23 /* Stripe_Test_AppTests.m in Sources */,
			);
			runOnlyForDeploymentPostprocessing = 0;
		};
/* End PBXSourcesBuildPhase section */

/* Begin PBXTargetDependency section */
		C30A01D71B10323000BECD23 /* PBXTargetDependency */ = {
			isa = PBXTargetDependency;
			target = C30A01BB1B10323000BECD23 /* Stripe Test App */;
			targetProxy = C30A01D61B10323000BECD23 /* PBXContainerItemProxy */;
		};
/* End PBXTargetDependency section */

/* Begin PBXVariantGroup section */
		C30A01C91B10323000BECD23 /* Main.storyboard */ = {
			isa = PBXVariantGroup;
			children = (
				C30A01CA1B10323000BECD23 /* Base */,
			);
			name = Main.storyboard;
			sourceTree = "<group>";
		};
/* End PBXVariantGroup section */

/* Begin XCBuildConfiguration section */
		C30A01DD1B10323000BECD23 /* Debug */ = {
			isa = XCBuildConfiguration;
			buildSettings = {
				ALWAYS_SEARCH_USER_PATHS = NO;
				CLANG_CXX_LANGUAGE_STANDARD = "gnu++0x";
				CLANG_CXX_LIBRARY = "libc++";
				CLANG_ENABLE_MODULES = YES;
				CLANG_ENABLE_OBJC_ARC = YES;
				CLANG_WARN_BOOL_CONVERSION = YES;
				CLANG_WARN_CONSTANT_CONVERSION = YES;
				CLANG_WARN_DIRECT_OBJC_ISA_USAGE = YES_ERROR;
				CLANG_WARN_EMPTY_BODY = YES;
				CLANG_WARN_ENUM_CONVERSION = YES;
				CLANG_WARN_INT_CONVERSION = YES;
				CLANG_WARN_OBJC_ROOT_CLASS = YES_ERROR;
				CLANG_WARN_UNREACHABLE_CODE = YES;
				CLANG_WARN__DUPLICATE_METHOD_MATCH = YES;
				"CODE_SIGN_IDENTITY[sdk=iphoneos*]" = "iPhone Developer";
				COPY_PHASE_STRIP = NO;
				DEBUG_INFORMATION_FORMAT = "dwarf-with-dsym";
				ENABLE_STRICT_OBJC_MSGSEND = YES;
				GCC_C_LANGUAGE_STANDARD = gnu99;
				GCC_DYNAMIC_NO_PIC = NO;
				GCC_NO_COMMON_BLOCKS = YES;
				GCC_OPTIMIZATION_LEVEL = 0;
				GCC_PREPROCESSOR_DEFINITIONS = (
					"DEBUG=1",
					"$(inherited)",
				);
				GCC_SYMBOLS_PRIVATE_EXTERN = NO;
				GCC_WARN_64_TO_32_BIT_CONVERSION = YES;
				GCC_WARN_ABOUT_RETURN_TYPE = YES_ERROR;
				GCC_WARN_UNDECLARED_SELECTOR = YES;
				GCC_WARN_UNINITIALIZED_AUTOS = YES_AGGRESSIVE;
				GCC_WARN_UNUSED_FUNCTION = YES;
				GCC_WARN_UNUSED_VARIABLE = YES;
				IPHONEOS_DEPLOYMENT_TARGET = 8.3;
				MTL_ENABLE_DEBUG_INFO = YES;
				ONLY_ACTIVE_ARCH = YES;
				SDKROOT = iphoneos;
			};
			name = Debug;
		};
		C30A01DE1B10323000BECD23 /* Release */ = {
			isa = XCBuildConfiguration;
			buildSettings = {
				ALWAYS_SEARCH_USER_PATHS = NO;
				CLANG_CXX_LANGUAGE_STANDARD = "gnu++0x";
				CLANG_CXX_LIBRARY = "libc++";
				CLANG_ENABLE_MODULES = YES;
				CLANG_ENABLE_OBJC_ARC = YES;
				CLANG_WARN_BOOL_CONVERSION = YES;
				CLANG_WARN_CONSTANT_CONVERSION = YES;
				CLANG_WARN_DIRECT_OBJC_ISA_USAGE = YES_ERROR;
				CLANG_WARN_EMPTY_BODY = YES;
				CLANG_WARN_ENUM_CONVERSION = YES;
				CLANG_WARN_INT_CONVERSION = YES;
				CLANG_WARN_OBJC_ROOT_CLASS = YES_ERROR;
				CLANG_WARN_UNREACHABLE_CODE = YES;
				CLANG_WARN__DUPLICATE_METHOD_MATCH = YES;
				"CODE_SIGN_IDENTITY[sdk=iphoneos*]" = "iPhone Developer";
				COPY_PHASE_STRIP = NO;
				DEBUG_INFORMATION_FORMAT = "dwarf-with-dsym";
				ENABLE_NS_ASSERTIONS = NO;
				ENABLE_STRICT_OBJC_MSGSEND = YES;
				GCC_C_LANGUAGE_STANDARD = gnu99;
				GCC_NO_COMMON_BLOCKS = YES;
				GCC_WARN_64_TO_32_BIT_CONVERSION = YES;
				GCC_WARN_ABOUT_RETURN_TYPE = YES_ERROR;
				GCC_WARN_UNDECLARED_SELECTOR = YES;
				GCC_WARN_UNINITIALIZED_AUTOS = YES_AGGRESSIVE;
				GCC_WARN_UNUSED_FUNCTION = YES;
				GCC_WARN_UNUSED_VARIABLE = YES;
				IPHONEOS_DEPLOYMENT_TARGET = 8.3;
				MTL_ENABLE_DEBUG_INFO = NO;
				SDKROOT = iphoneos;
				VALIDATE_PRODUCT = YES;
			};
			name = Release;
		};
		C30A01E01B10323000BECD23 /* Debug */ = {
			isa = XCBuildConfiguration;
			baseConfigurationReference = 602115A792010B6EFB0B0B86 /* Pods-Stripe Test App.debug.xcconfig */;
			buildSettings = {
				ASSETCATALOG_COMPILER_APPICON_NAME = AppIcon;
				INFOPLIST_FILE = "Stripe Test App/Info.plist";
				LD_RUNPATH_SEARCH_PATHS = "$(inherited) @executable_path/Frameworks";
				PRODUCT_NAME = "$(TARGET_NAME)";
			};
			name = Debug;
		};
		C30A01E11B10323000BECD23 /* Release */ = {
			isa = XCBuildConfiguration;
			baseConfigurationReference = EBB7B65FA9F024F411B6A516 /* Pods-Stripe Test App.release.xcconfig */;
			buildSettings = {
				ASSETCATALOG_COMPILER_APPICON_NAME = AppIcon;
				INFOPLIST_FILE = "Stripe Test App/Info.plist";
				LD_RUNPATH_SEARCH_PATHS = "$(inherited) @executable_path/Frameworks";
				PRODUCT_NAME = "$(TARGET_NAME)";
			};
			name = Release;
		};
		C30A01E31B10323000BECD23 /* Debug */ = {
			isa = XCBuildConfiguration;
			buildSettings = {
				BUNDLE_LOADER = "$(TEST_HOST)";
				FRAMEWORK_SEARCH_PATHS = (
					"$(SDKROOT)/Developer/Library/Frameworks",
					"$(inherited)",
				);
				GCC_PREPROCESSOR_DEFINITIONS = (
					"DEBUG=1",
					"$(inherited)",
				);
				INFOPLIST_FILE = "Stripe Test AppTests/Info.plist";
				LD_RUNPATH_SEARCH_PATHS = "$(inherited) @executable_path/Frameworks @loader_path/Frameworks";
				PRODUCT_NAME = "$(TARGET_NAME)";
				TEST_HOST = "$(BUILT_PRODUCTS_DIR)/Stripe Test App.app/Stripe Test App";
			};
			name = Debug;
		};
		C30A01E41B10323000BECD23 /* Release */ = {
			isa = XCBuildConfiguration;
			buildSettings = {
				BUNDLE_LOADER = "$(TEST_HOST)";
				FRAMEWORK_SEARCH_PATHS = (
					"$(SDKROOT)/Developer/Library/Frameworks",
					"$(inherited)",
				);
				INFOPLIST_FILE = "Stripe Test AppTests/Info.plist";
				LD_RUNPATH_SEARCH_PATHS = "$(inherited) @executable_path/Frameworks @loader_path/Frameworks";
				PRODUCT_NAME = "$(TARGET_NAME)";
				TEST_HOST = "$(BUILT_PRODUCTS_DIR)/Stripe Test App.app/Stripe Test App";
			};
			name = Release;
		};
/* End XCBuildConfiguration section */

/* Begin XCConfigurationList section */
		C30A01B71B10323000BECD23 /* Build configuration list for PBXProject "Stripe Test App" */ = {
			isa = XCConfigurationList;
			buildConfigurations = (
				C30A01DD1B10323000BECD23 /* Debug */,
				C30A01DE1B10323000BECD23 /* Release */,
			);
			defaultConfigurationIsVisible = 0;
			defaultConfigurationName = Release;
		};
		C30A01DF1B10323000BECD23 /* Build configuration list for PBXNativeTarget "Stripe Test App" */ = {
			isa = XCConfigurationList;
			buildConfigurations = (
				C30A01E01B10323000BECD23 /* Debug */,
				C30A01E11B10323000BECD23 /* Release */,
			);
			defaultConfigurationIsVisible = 0;
			defaultConfigurationName = Release;
		};
		C30A01E21B10323000BECD23 /* Build configuration list for PBXNativeTarget "Stripe Test AppTests" */ = {
			isa = XCConfigurationList;
			buildConfigurations = (
				C30A01E31B10323000BECD23 /* Debug */,
				C30A01E41B10323000BECD23 /* Release */,
			);
			defaultConfigurationIsVisible = 0;
			defaultConfigurationName = Release;
		};
/* End XCConfigurationList section */
	};
	rootObject = C30A01B41B10323000BECD23 /* Project object */;
}
